
Microsoft Visual Studio Solution File, Format Version 12.00
# Visual Studio Version 16
VisualStudioVersion = 16.0.30611.23
MinimumVisualStudioVersion = 10.0.40219.1
Project("{FAE04EC0-301F-11D3-BF4B-00C04F79EFBC}") = "Cristutiu_Andreea_Lab8", "Cristutiu_Andreea_Lab8.csproj", "{DBDE7B72-5232-4FA1-A118-6C2E873504D0}"
EndProject
Global
	GlobalSection(SolutionConfigurationPlatforms) = preSolution
		Debug|Any CPU = Debug|Any CPU
		Release|Any CPU = Release|Any CPU
	EndGlobalSection
	GlobalSection(ProjectConfigurationPlatforms) = postSolution
		{DBDE7B72-5232-4FA1-A118-6C2E873504D0}.Debug|Any CPU.ActiveCfg = Debug|Any CPU
		{DBDE7B72-5232-4FA1-A118-6C2E873504D0}.Debug|Any CPU.Build.0 = Debug|Any CPU
		{DBDE7B72-5232-4FA1-A118-6C2E873504D0}.Release|Any CPU.ActiveCfg = Release|Any CPU
		{DBDE7B72-5232-4FA1-A118-6C2E873504D0}.Release|Any CPU.Build.0 = Release|Any CPU
	EndGlobalSection
	GlobalSection(SolutionProperties) = preSolution
		HideSolutionNode = FALSE
	EndGlobalSection
	GlobalSection(ExtensibilityGlobals) = postSolution
		SolutionGuid = {1B7072FC-AEEC-4338-B9ED-2FB42DB7228A}
	EndGlobalSection
EndGlobal
